
Microsoft Visual Studio Solution File, Format Version 12.00
# Visual Studio Version 17
VisualStudioVersion = 17.0.31903.59
MinimumVisualStudioVersion = 10.0.40219.1
Project("{FAE04EC0-301F-11D3-BF4B-00C04F79EFBC}") = "FinanceTracker", "FinanceTracker\FinanceTracker.csproj", "{91E14439-1961-4A1A-9776-206BD9F54C00}"
EndProject
Project("{FAE04EC0-301F-11D3-BF4B-00C04F79EFBC}") = "FinanceTracker.Tests", "FinanceTracker.Tests\FinanceTracker.Tests.csproj", "{876C541D-26D4-4726-939F-7236E9021754}"
EndProject
Global
	GlobalSection(SolutionConfigurationPlatforms) = preSolution
		Debug|Any CPU = Debug|Any CPU
		Release|Any CPU = Release|Any CPU
	EndGlobalSection
	GlobalSection(ProjectConfigurationPlatforms) = postSolution
		{91E14439-1961-4A1A-9776-206BD9F54C00}.Debug|Any CPU.ActiveCfg = Debug|Any CPU
		{91E14439-1961-4A1A-9776-206BD9F54C00}.Debug|Any CPU.Build.0 = Debug|Any CPU
		{91E14439-1961-4A1A-9776-206BD9F54C00}.Release|Any CPU.ActiveCfg = Release|Any CPU
		{91E14439-1961-4A1A-9776-206BD9F54C00}.Release|Any CPU.Build.0 = Release|Any CPU
		{876C541D-26D4-4726-939F-7236E9021754}.Debug|Any CPU.ActiveCfg = Debug|Any CPU
		{876C541D-26D4-4726-939F-7236E9021754}.Debug|Any CPU.Build.0 = Debug|Any CPU
		{876C541D-26D4-4726-939F-7236E9021754}.Release|Any CPU.ActiveCfg = Release|Any CPU
		{876C541D-26D4-4726-939F-7236E9021754}.Release|Any CPU.Build.0 = Release|Any CPU
	EndGlobalSection
	GlobalSection(SolutionProperties) = preSolution
		HideSolutionNode = FALSE
	EndGlobalSection
EndGlobal
